{
  "name": "Final",
  "version": "1.0.0",
  "lockfileVersion": 1,
  "requires": true,
  "dependencies": {
    "node-jsonl": {
      "version": "0.1.0",
      "resolved": "https://registry.npmjs.org/node-jsonl/-/node-jsonl-0.1.0.tgz",
      "integrity": "sha512-lNoAqQQDx68zexR/EZv4VFdqdzzb04bm3/WSYHqkYp0dqKHQM0jm+gkWHmxEWR3N0fNBYQQwlqJhMqKP9Kyjhg=="
    }
  }
}
